
Microsoft Visual Studio Solution File, Format Version 12.00
# Visual Studio Version 17
VisualStudioVersion = 17.7.33920.267
MinimumVisualStudioVersion = 10.0.40219.1
Project("{FAE04EC0-301F-11D3-BF4B-00C04F79EFBC}") = "RealEstate_Dapper_Api", "RealEstate_Dapper_Api\RealEstate_Dapper_Api.csproj", "{314B84A8-F0D2-4E5E-8250-1EC04C826FBC}"
EndProject
Project("{FAE04EC0-301F-11D3-BF4B-00C04F79EFBC}") = "RealEstate_Dapper_UI", "RealEstate_Dapper_UI\RealEstate_Dapper_UI.csproj", "{5D49EBA0-33C6-4B24-B760-B0C12FE00635}"
EndProject
Global
	GlobalSection(SolutionConfigurationPlatforms) = preSolution
		Debug|Any CPU = Debug|Any CPU
		Release|Any CPU = Release|Any CPU
	EndGlobalSection
	GlobalSection(ProjectConfigurationPlatforms) = postSolution
		{314B84A8-F0D2-4E5E-8250-1EC04C826FBC}.Debug|Any CPU.ActiveCfg = Debug|Any CPU
		{314B84A8-F0D2-4E5E-8250-1EC04C826FBC}.Debug|Any CPU.Build.0 = Debug|Any CPU
		{314B84A8-F0D2-4E5E-8250-1EC04C826FBC}.Release|Any CPU.ActiveCfg = Release|Any CPU
		{314B84A8-F0D2-4E5E-8250-1EC04C826FBC}.Release|Any CPU.Build.0 = Release|Any CPU
		{5D49EBA0-33C6-4B24-B760-B0C12FE00635}.Debug|Any CPU.ActiveCfg = Debug|Any CPU
		{5D49EBA0-33C6-4B24-B760-B0C12FE00635}.Debug|Any CPU.Build.0 = Debug|Any CPU
		{5D49EBA0-33C6-4B24-B760-B0C12FE00635}.Release|Any CPU.ActiveCfg = Release|Any CPU
		{5D49EBA0-33C6-4B24-B760-B0C12FE00635}.Release|Any CPU.Build.0 = Release|Any CPU
	EndGlobalSection
	GlobalSection(SolutionProperties) = preSolution
		HideSolutionNode = FALSE
	EndGlobalSection
	GlobalSection(ExtensibilityGlobals) = postSolution
		SolutionGuid = {36841A70-69DA-4D7F-9491-C6E7D8CE761A}
	EndGlobalSection
EndGlobal
